// !$*UTF8*$!
{
	archiveVersion = 1;
	classes = {
	};
	objectVersion = 56;
	objects = {

/* Begin PBXBuildFile section */
		7C0851932C32949600545907 /* AppDelegate.swift in Sources */ = {isa = PBXBuildFile; fileRef = 7C0851922C32949600545907 /* AppDelegate.swift */; };
		7C0851952C32949600545907 /* SceneDelegate.swift in Sources */ = {isa = PBXBuildFile; fileRef = 7C0851942C32949600545907 /* SceneDelegate.swift */; };
		7C08519C2C32949800545907 /* Assets.xcassets in Resources */ = {isa = PBXBuildFile; fileRef = 7C08519B2C32949800545907 /* Assets.xcassets */; };
		7C08519F2C32949800545907 /* LaunchScreen.storyboard in Resources */ = {isa = PBXBuildFile; fileRef = 7C08519D2C32949800545907 /* LaunchScreen.storyboard */; };
		7C0851CC2C329E2000545907 /* BaseView.swift in Sources */ = {isa = PBXBuildFile; fileRef = 7C0851CB2C329E2000545907 /* BaseView.swift */; };
		7C0851CE2C329E4300545907 /* BaseViewController.swift in Sources */ = {isa = PBXBuildFile; fileRef = 7C0851CD2C329E4300545907 /* BaseViewController.swift */; };
		7C0851D12C329EE400545907 /* BaseCollectionViewCell.swift in Sources */ = {isa = PBXBuildFile; fileRef = 7C0851D02C329EE400545907 /* BaseCollectionViewCell.swift */; };
		7C0851D42C329FE200545907 /* UICollectionView+.swift in Sources */ = {isa = PBXBuildFile; fileRef = 7C0851D32C329FE200545907 /* UICollectionView+.swift */; };
		7C0851D72C32A01A00545907 /* Reusable.swift in Sources */ = {isa = PBXBuildFile; fileRef = 7C0851D62C32A01A00545907 /* Reusable.swift */; };
		7C0851D92C32A1C500545907 /* ViewModelType.swift in Sources */ = {isa = PBXBuildFile; fileRef = 7C0851D82C32A1C500545907 /* ViewModelType.swift */; };
		7C0851DB2C32A7AD00545907 /* MainViewController.swift in Sources */ = {isa = PBXBuildFile; fileRef = 7C0851DA2C32A7AD00545907 /* MainViewController.swift */; };
		7C79EFDC2C32B9E700DEAE3C /* SnapKit in Frameworks */ = {isa = PBXBuildFile; productRef = 7C79EFDB2C32B9E700DEAE3C /* SnapKit */; };
		7C79EFE02C32BA3400DEAE3C /* Alamofire in Frameworks */ = {isa = PBXBuildFile; productRef = 7C79EFDF2C32BA3400DEAE3C /* Alamofire */; };
		7C79EFE52C32BB9700DEAE3C /* RxBlocking in Frameworks */ = {isa = PBXBuildFile; productRef = 7C79EFE42C32BB9700DEAE3C /* RxBlocking */; };
		7C79EFE92C32BB9700DEAE3C /* RxCocoa in Frameworks */ = {isa = PBXBuildFile; productRef = 7C79EFE82C32BB9700DEAE3C /* RxCocoa */; };
		7C79EFED2C32BB9700DEAE3C /* RxRelay in Frameworks */ = {isa = PBXBuildFile; productRef = 7C79EFEC2C32BB9700DEAE3C /* RxRelay */; };
		7C79EFF12C32BB9700DEAE3C /* RxSwift in Frameworks */ = {isa = PBXBuildFile; productRef = 7C79EFF02C32BB9700DEAE3C /* RxSwift */; };
		7C79F0312C32CD9600DEAE3C /* CurrentWeatherView.swift in Sources */ = {isa = PBXBuildFile; fileRef = 7C79F0302C32CD9600DEAE3C /* CurrentWeatherView.swift */; };
		7C79F0332C32CDF100DEAE3C /* BaseCollectionReusableView.swift in Sources */ = {isa = PBXBuildFile; fileRef = 7C79F0322C32CDF100DEAE3C /* BaseCollectionReusableView.swift */; };
		7C79F0392C32FAB000DEAE3C /* WeatherRequestDTO.swift in Sources */ = {isa = PBXBuildFile; fileRef = 7C79F0382C32FAB000DEAE3C /* WeatherRequestDTO.swift */; };
		7C79F03D2C3306C900DEAE3C /* WeatherResponseDTO.swift in Sources */ = {isa = PBXBuildFile; fileRef = 7C79F03C2C3306C900DEAE3C /* WeatherResponseDTO.swift */; };
		7C79F03F2C33A13F00DEAE3C /* HourlyWeatherView.swift in Sources */ = {isa = PBXBuildFile; fileRef = 7C79F03E2C33A13F00DEAE3C /* HourlyWeatherView.swift */; };
		7C79F0412C33A3CA00DEAE3C /* HourlyWeatherCell.swift in Sources */ = {isa = PBXBuildFile; fileRef = 7C79F0402C33A3CA00DEAE3C /* HourlyWeatherCell.swift */; };
		7C79F0452C33BCB900DEAE3C /* WCColor.swift in Sources */ = {isa = PBXBuildFile; fileRef = 7C79F0442C33BCB900DEAE3C /* WCColor.swift */; };
		7C79F0482C33C1E600DEAE3C /* WeatherData.swift in Sources */ = {isa = PBXBuildFile; fileRef = 7C79F0472C33C1E600DEAE3C /* WeatherData.swift */; };
		7C79F04C2C33C40900DEAE3C /* MockWeatherRepository.swift in Sources */ = {isa = PBXBuildFile; fileRef = 7C79F04B2C33C40900DEAE3C /* MockWeatherRepository.swift */; };
		7C79F0502C33C45100DEAE3C /* WeatherRepository.swift in Sources */ = {isa = PBXBuildFile; fileRef = 7C79F04F2C33C45100DEAE3C /* WeatherRepository.swift */; };
		7C79F0532C33C62800DEAE3C /* FetchWeatherUseCase.swift in Sources */ = {isa = PBXBuildFile; fileRef = 7C79F0522C33C62800DEAE3C /* FetchWeatherUseCase.swift */; };
		7C79F0552C33C6C600DEAE3C /* MainViewModel.swift in Sources */ = {isa = PBXBuildFile; fileRef = 7C79F0542C33C6C600DEAE3C /* MainViewModel.swift */; };
		7C79F0582C33C8EB00DEAE3C /* ObservableType.swift in Sources */ = {isa = PBXBuildFile; fileRef = 7C79F0572C33C8EB00DEAE3C /* ObservableType.swift */; };
		7C79F05A2C33D87800DEAE3C /* DailyWeatherView.swift in Sources */ = {isa = PBXBuildFile; fileRef = 7C79F0592C33D87800DEAE3C /* DailyWeatherView.swift */; };
		7C79F05F2C33DCA200DEAE3C /* DailyWeatherCell.swift in Sources */ = {isa = PBXBuildFile; fileRef = 7C79F05E2C33DCA200DEAE3C /* DailyWeatherCell.swift */; };
		7C79F0612C33E0F500DEAE3C /* BaseTableViewCell.swift in Sources */ = {isa = PBXBuildFile; fileRef = 7C79F0602C33E0F500DEAE3C /* BaseTableViewCell.swift */; };
		7C79F0632C33E14600DEAE3C /* UITableView+.swift in Sources */ = {isa = PBXBuildFile; fileRef = 7C79F0622C33E14600DEAE3C /* UITableView+.swift */; };
		7C79F0652C33E74D00DEAE3C /* UILabel+.swift in Sources */ = {isa = PBXBuildFile; fileRef = 7C79F0642C33E74D00DEAE3C /* UILabel+.swift */; };
		7C79F0682C33F0AC00DEAE3C /* CityLocationView.swift in Sources */ = {isa = PBXBuildFile; fileRef = 7C79F0672C33F0AC00DEAE3C /* CityLocationView.swift */; };
		7C79F06B2C34123200DEAE3C /* WeatherDetailsView.swift in Sources */ = {isa = PBXBuildFile; fileRef = 7C79F06A2C34123200DEAE3C /* WeatherDetailsView.swift */; };
		7C79F06D2C3417FA00DEAE3C /* WeatherDetailContainer.swift in Sources */ = {isa = PBXBuildFile; fileRef = 7C79F06C2C3417FA00DEAE3C /* WeatherDetailContainer.swift */; };
		7C79F0712C341AAB00DEAE3C /* BaseStackView.swift in Sources */ = {isa = PBXBuildFile; fileRef = 7C79F0702C341AAB00DEAE3C /* BaseStackView.swift */; };
		7C9E11222C3445FE00C89E92 /* SearchButton.swift in Sources */ = {isa = PBXBuildFile; fileRef = 7C9E11212C3445FE00C89E92 /* SearchButton.swift */; };
		7C9E11242C34462100C89E92 /* BaseButton.swift in Sources */ = {isa = PBXBuildFile; fileRef = 7C9E11232C34462100C89E92 /* BaseButton.swift */; };
		7C9E11262C34489800C89E92 /* UIImage+.swift in Sources */ = {isa = PBXBuildFile; fileRef = 7C9E11252C34489800C89E92 /* UIImage+.swift */; };
		7C9E11282C344B7100C89E92 /* BasePopUpView.swift in Sources */ = {isa = PBXBuildFile; fileRef = 7C9E11272C344B7100C89E92 /* BasePopUpView.swift */; };
		7C9E112A2C344BAE00C89E92 /* UIWindow+.swift in Sources */ = {isa = PBXBuildFile; fileRef = 7C9E11292C344BAE00C89E92 /* UIWindow+.swift */; };
		7C9E112D2C344F7B00C89E92 /* CitySearchPopUpView.swift in Sources */ = {isa = PBXBuildFile; fileRef = 7C9E112C2C344F7B00C89E92 /* CitySearchPopUpView.swift */; };
		7C9E11302C34E8E800C89E92 /* SearchViewController.swift in Sources */ = {isa = PBXBuildFile; fileRef = 7C9E112F2C34E8E800C89E92 /* SearchViewController.swift */; };
		7C9E11342C34EC1700C89E92 /* citylist.json in Resources */ = {isa = PBXBuildFile; fileRef = 7C9E11332C34EC1700C89E92 /* citylist.json */; };
		7C9E11382C34ED4F00C89E92 /* CitySearchResponseDTO.swift in Sources */ = {isa = PBXBuildFile; fileRef = 7C9E11372C34ED4F00C89E92 /* CitySearchResponseDTO.swift */; };
/* End PBXBuildFile section */

/* Begin PBXFileReference section */
		7C08518F2C32949600545907 /* WeatherCheck.app */ = {isa = PBXFileReference; explicitFileType = wrapper.application; includeInIndex = 0; path = WeatherCheck.app; sourceTree = BUILT_PRODUCTS_DIR; };
		7C0851922C32949600545907 /* AppDelegate.swift */ = {isa = PBXFileReference; lastKnownFileType = sourcecode.swift; path = AppDelegate.swift; sourceTree = "<group>"; };
		7C0851942C32949600545907 /* SceneDelegate.swift */ = {isa = PBXFileReference; lastKnownFileType = sourcecode.swift; path = SceneDelegate.swift; sourceTree = "<group>"; };
		7C08519B2C32949800545907 /* Assets.xcassets */ = {isa = PBXFileReference; lastKnownFileType = folder.assetcatalog; path = Assets.xcassets; sourceTree = "<group>"; };
		7C08519E2C32949800545907 /* Base */ = {isa = PBXFileReference; lastKnownFileType = file.storyboard; name = Base; path = Base.lproj/LaunchScreen.storyboard; sourceTree = "<group>"; };
		7C0851A02C32949800545907 /* Info.plist */ = {isa = PBXFileReference; lastKnownFileType = text.plist.xml; path = Info.plist; sourceTree = "<group>"; };
		7C0851CB2C329E2000545907 /* BaseView.swift */ = {isa = PBXFileReference; lastKnownFileType = sourcecode.swift; path = BaseView.swift; sourceTree = "<group>"; };
		7C0851CD2C329E4300545907 /* BaseViewController.swift */ = {isa = PBXFileReference; lastKnownFileType = sourcecode.swift; path = BaseViewController.swift; sourceTree = "<group>"; };
		7C0851D02C329EE400545907 /* BaseCollectionViewCell.swift */ = {isa = PBXFileReference; lastKnownFileType = sourcecode.swift; path = BaseCollectionViewCell.swift; sourceTree = "<group>"; };
		7C0851D32C329FE200545907 /* UICollectionView+.swift */ = {isa = PBXFileReference; lastKnownFileType = sourcecode.swift; path = "UICollectionView+.swift"; sourceTree = "<group>"; };
		7C0851D62C32A01A00545907 /* Reusable.swift */ = {isa = PBXFileReference; lastKnownFileType = sourcecode.swift; path = Reusable.swift; sourceTree = "<group>"; };
		7C0851D82C32A1C500545907 /* ViewModelType.swift */ = {isa = PBXFileReference; lastKnownFileType = sourcecode.swift; path = ViewModelType.swift; sourceTree = "<group>"; };
		7C0851DA2C32A7AD00545907 /* MainViewController.swift */ = {isa = PBXFileReference; lastKnownFileType = sourcecode.swift; path = MainViewController.swift; sourceTree = "<group>"; };
		7C79F0302C32CD9600DEAE3C /* CurrentWeatherView.swift */ = {isa = PBXFileReference; lastKnownFileType = sourcecode.swift; path = CurrentWeatherView.swift; sourceTree = "<group>"; };
		7C79F0322C32CDF100DEAE3C /* BaseCollectionReusableView.swift */ = {isa = PBXFileReference; lastKnownFileType = sourcecode.swift; path = BaseCollectionReusableView.swift; sourceTree = "<group>"; };
		7C79F0382C32FAB000DEAE3C /* WeatherRequestDTO.swift */ = {isa = PBXFileReference; lastKnownFileType = sourcecode.swift; path = WeatherRequestDTO.swift; sourceTree = "<group>"; };
		7C79F03C2C3306C900DEAE3C /* WeatherResponseDTO.swift */ = {isa = PBXFileReference; lastKnownFileType = sourcecode.swift; path = WeatherResponseDTO.swift; sourceTree = "<group>"; };
		7C79F03E2C33A13F00DEAE3C /* HourlyWeatherView.swift */ = {isa = PBXFileReference; lastKnownFileType = sourcecode.swift; path = HourlyWeatherView.swift; sourceTree = "<group>"; };
		7C79F0402C33A3CA00DEAE3C /* HourlyWeatherCell.swift */ = {isa = PBXFileReference; lastKnownFileType = sourcecode.swift; path = HourlyWeatherCell.swift; sourceTree = "<group>"; };
		7C79F0442C33BCB900DEAE3C /* WCColor.swift */ = {isa = PBXFileReference; lastKnownFileType = sourcecode.swift; path = WCColor.swift; sourceTree = "<group>"; };
		7C79F0472C33C1E600DEAE3C /* WeatherData.swift */ = {isa = PBXFileReference; lastKnownFileType = sourcecode.swift; path = WeatherData.swift; sourceTree = "<group>"; };
		7C79F04B2C33C40900DEAE3C /* MockWeatherRepository.swift */ = {isa = PBXFileReference; lastKnownFileType = sourcecode.swift; path = MockWeatherRepository.swift; sourceTree = "<group>"; };
		7C79F04F2C33C45100DEAE3C /* WeatherRepository.swift */ = {isa = PBXFileReference; lastKnownFileType = sourcecode.swift; path = WeatherRepository.swift; sourceTree = "<group>"; };
		7C79F0522C33C62800DEAE3C /* FetchWeatherUseCase.swift */ = {isa = PBXFileReference; lastKnownFileType = sourcecode.swift; path = FetchWeatherUseCase.swift; sourceTree = "<group>"; };
		7C79F0542C33C6C600DEAE3C /* MainViewModel.swift */ = {isa = PBXFileReference; lastKnownFileType = sourcecode.swift; path = MainViewModel.swift; sourceTree = "<group>"; };
		7C79F0572C33C8EB00DEAE3C /* ObservableType.swift */ = {isa = PBXFileReference; lastKnownFileType = sourcecode.swift; path = ObservableType.swift; sourceTree = "<group>"; };
		7C79F0592C33D87800DEAE3C /* DailyWeatherView.swift */ = {isa = PBXFileReference; lastKnownFileType = sourcecode.swift; path = DailyWeatherView.swift; sourceTree = "<group>"; };
		7C79F05E2C33DCA200DEAE3C /* DailyWeatherCell.swift */ = {isa = PBXFileReference; lastKnownFileType = sourcecode.swift; path = DailyWeatherCell.swift; sourceTree = "<group>"; };
		7C79F0602C33E0F500DEAE3C /* BaseTableViewCell.swift */ = {isa = PBXFileReference; lastKnownFileType = sourcecode.swift; path = BaseTableViewCell.swift; sourceTree = "<group>"; };
		7C79F0622C33E14600DEAE3C /* UITableView+.swift */ = {isa = PBXFileReference; lastKnownFileType = sourcecode.swift; path = "UITableView+.swift"; sourceTree = "<group>"; };
		7C79F0642C33E74D00DEAE3C /* UILabel+.swift */ = {isa = PBXFileReference; lastKnownFileType = sourcecode.swift; path = "UILabel+.swift"; sourceTree = "<group>"; };
		7C79F0672C33F0AC00DEAE3C /* CityLocationView.swift */ = {isa = PBXFileReference; lastKnownFileType = sourcecode.swift; path = CityLocationView.swift; sourceTree = "<group>"; };
		7C79F06A2C34123200DEAE3C /* WeatherDetailsView.swift */ = {isa = PBXFileReference; lastKnownFileType = sourcecode.swift; path = WeatherDetailsView.swift; sourceTree = "<group>"; };
		7C79F06C2C3417FA00DEAE3C /* WeatherDetailContainer.swift */ = {isa = PBXFileReference; lastKnownFileType = sourcecode.swift; path = WeatherDetailContainer.swift; sourceTree = "<group>"; };
		7C79F0702C341AAB00DEAE3C /* BaseStackView.swift */ = {isa = PBXFileReference; lastKnownFileType = sourcecode.swift; path = BaseStackView.swift; sourceTree = "<group>"; };
		7C9E11212C3445FE00C89E92 /* SearchButton.swift */ = {isa = PBXFileReference; lastKnownFileType = sourcecode.swift; path = SearchButton.swift; sourceTree = "<group>"; };
		7C9E11232C34462100C89E92 /* BaseButton.swift */ = {isa = PBXFileReference; lastKnownFileType = sourcecode.swift; path = BaseButton.swift; sourceTree = "<group>"; };
		7C9E11252C34489800C89E92 /* UIImage+.swift */ = {isa = PBXFileReference; lastKnownFileType = sourcecode.swift; path = "UIImage+.swift"; sourceTree = "<group>"; };
		7C9E11272C344B7100C89E92 /* BasePopUpView.swift */ = {isa = PBXFileReference; lastKnownFileType = sourcecode.swift; path = BasePopUpView.swift; sourceTree = "<group>"; };
		7C9E11292C344BAE00C89E92 /* UIWindow+.swift */ = {isa = PBXFileReference; lastKnownFileType = sourcecode.swift; path = "UIWindow+.swift"; sourceTree = "<group>"; };
		7C9E112C2C344F7B00C89E92 /* CitySearchPopUpView.swift */ = {isa = PBXFileReference; lastKnownFileType = sourcecode.swift; path = CitySearchPopUpView.swift; sourceTree = "<group>"; };
		7C9E112F2C34E8E800C89E92 /* SearchViewController.swift */ = {isa = PBXFileReference; lastKnownFileType = sourcecode.swift; path = SearchViewController.swift; sourceTree = "<group>"; };
		7C9E11332C34EC1700C89E92 /* citylist.json */ = {isa = PBXFileReference; fileEncoding = 4; lastKnownFileType = text.json; name = citylist.json; path = ../../../../citylist.json; sourceTree = "<group>"; };
		7C9E11372C34ED4F00C89E92 /* CitySearchResponseDTO.swift */ = {isa = PBXFileReference; lastKnownFileType = sourcecode.swift; path = CitySearchResponseDTO.swift; sourceTree = "<group>"; };
/* End PBXFileReference section */

/* Begin PBXFrameworksBuildPhase section */
		7C08518C2C32949600545907 /* Frameworks */ = {
			isa = PBXFrameworksBuildPhase;
			buildActionMask = 2147483647;
			files = (
				7C79EFE92C32BB9700DEAE3C /* RxCocoa in Frameworks */,
				7C79EFF12C32BB9700DEAE3C /* RxSwift in Frameworks */,
				7C79EFDC2C32B9E700DEAE3C /* SnapKit in Frameworks */,
				7C79EFE52C32BB9700DEAE3C /* RxBlocking in Frameworks */,
				7C79EFE02C32BA3400DEAE3C /* Alamofire in Frameworks */,
				7C79EFED2C32BB9700DEAE3C /* RxRelay in Frameworks */,
			);
			runOnlyForDeploymentPostprocessing = 0;
		};
/* End PBXFrameworksBuildPhase section */

/* Begin PBXGroup section */
		7C0851862C32949600545907 = {
			isa = PBXGroup;
			children = (
				7C0851912C32949600545907 /* WeatherCheck */,
				7C0851902C32949600545907 /* Products */,
			);
			sourceTree = "<group>";
		};
		7C0851902C32949600545907 /* Products */ = {
			isa = PBXGroup;
			children = (
				7C08518F2C32949600545907 /* WeatherCheck.app */,
			);
			name = Products;
			sourceTree = "<group>";
		};
		7C0851912C32949600545907 /* WeatherCheck */ = {
			isa = PBXGroup;
			children = (
				7C0851C32C329CEE00545907 /* Resources */,
				7C0851C42C329CFF00545907 /* Sources */,
			);
			path = WeatherCheck;
			sourceTree = "<group>";
		};
		7C0851C32C329CEE00545907 /* Resources */ = {
			isa = PBXGroup;
			children = (
				7C9E11332C34EC1700C89E92 /* citylist.json */,
				7C08519D2C32949800545907 /* LaunchScreen.storyboard */,
				7C08519B2C32949800545907 /* Assets.xcassets */,
				7C0851A02C32949800545907 /* Info.plist */,
			);
			path = Resources;
			sourceTree = "<group>";
		};
		7C0851C42C329CFF00545907 /* Sources */ = {
			isa = PBXGroup;
			children = (
				7C0851C52C329D4300545907 /* App */,
				7C0851C62C329D5100545907 /* Data */,
				7C0851C72C329D5A00545907 /* Domain */,
				7C0851C82C329D6B00545907 /* Presentation */,
			);
			path = Sources;
			sourceTree = "<group>";
		};
		7C0851C52C329D4300545907 /* App */ = {
			isa = PBXGroup;
			children = (
				7C0851922C32949600545907 /* AppDelegate.swift */,
				7C0851942C32949600545907 /* SceneDelegate.swift */,
			);
			path = App;
			sourceTree = "<group>";
		};
		7C0851C62C329D5100545907 /* Data */ = {
			isa = PBXGroup;
			children = (
				7C79F0342C32F90700DEAE3C /* Network */,
				7C79F0492C33C37D00DEAE3C /* Repositories */,
			);
			path = Data;
			sourceTree = "<group>";
		};
		7C0851C72C329D5A00545907 /* Domain */ = {
			isa = PBXGroup;
			children = (
				7C79F0462C33C18B00DEAE3C /* Entities */,
				7C79F0512C33C61000DEAE3C /* UseCases */,
				7C79F04D2C33C41300DEAE3C /* RepositoryInterfaces */,
			);
			name = Domain;
			sourceTree = "<group>";
		};
		7C0851C82C329D6B00545907 /* Presentation */ = {
			isa = PBXGroup;
			children = (
				7C79F0422C33BCA000DEAE3C /* DesignSystem */,
				7C0851D52C329FFF00545907 /* Protocols */,
				7C0851C92C329E0800545907 /* Common */,
				7C0851DC2C32A7C100545907 /* Main */,
				7C9E112E2C34E8C600C89E92 /* Search */,
			);
			path = Presentation;
			sourceTree = "<group>";
		};
		7C0851C92C329E0800545907 /* Common */ = {
			isa = PBXGroup;
			children = (
				7C0851CA2C329E1200545907 /* Bases */,
				7C0851D22C329FCB00545907 /* Extensions */,
				7C79F0562C33C8D500DEAE3C /* RxExtensions */,
			);
			path = Common;
			sourceTree = "<group>";
		};
		7C0851CA2C329E1200545907 /* Bases */ = {
			isa = PBXGroup;
			children = (
				7C0851CB2C329E2000545907 /* BaseView.swift */,
				7C0851CD2C329E4300545907 /* BaseViewController.swift */,
				7C0851D02C329EE400545907 /* BaseCollectionViewCell.swift */,
				7C79F0322C32CDF100DEAE3C /* BaseCollectionReusableView.swift */,
				7C79F0602C33E0F500DEAE3C /* BaseTableViewCell.swift */,
				7C79F0702C341AAB00DEAE3C /* BaseStackView.swift */,
				7C9E11232C34462100C89E92 /* BaseButton.swift */,
				7C9E11272C344B7100C89E92 /* BasePopUpView.swift */,
			);
			path = Bases;
			sourceTree = "<group>";
		};
		7C0851D22C329FCB00545907 /* Extensions */ = {
			isa = PBXGroup;
			children = (
				7C0851D32C329FE200545907 /* UICollectionView+.swift */,
				7C79F0622C33E14600DEAE3C /* UITableView+.swift */,
				7C79F0642C33E74D00DEAE3C /* UILabel+.swift */,
				7C9E11252C34489800C89E92 /* UIImage+.swift */,
				7C9E11292C344BAE00C89E92 /* UIWindow+.swift */,
			);
			path = Extensions;
			sourceTree = "<group>";
		};
		7C0851D52C329FFF00545907 /* Protocols */ = {
			isa = PBXGroup;
			children = (
				7C0851D82C32A1C500545907 /* ViewModelType.swift */,
				7C0851D62C32A01A00545907 /* Reusable.swift */,
			);
			path = Protocols;
			sourceTree = "<group>";
		};
		7C0851DC2C32A7C100545907 /* Main */ = {
			isa = PBXGroup;
			children = (
				7C79F0542C33C6C600DEAE3C /* MainViewModel.swift */,
				7C0851DA2C32A7AD00545907 /* MainViewController.swift */,
				7C79F02F2C32CB9200DEAE3C /* Views */,
				7C9E112B2C344F3C00C89E92 /* SearchPopUp */,
			);
			path = Main;
			sourceTree = "<group>";
		};
		7C79F02F2C32CB9200DEAE3C /* Views */ = {
			isa = PBXGroup;
			children = (
				7C9E11212C3445FE00C89E92 /* SearchButton.swift */,
				7C79F05B2C33DC7300DEAE3C /* Current */,
				7C79F05C2C33DC7C00DEAE3C /* Hourly */,
				7C79F05D2C33DC8B00DEAE3C /* Daily */,
				7C79F0662C33F09A00DEAE3C /* Location */,
				7C79F0692C34121F00DEAE3C /* Detail */,
			);
			path = Views;
			sourceTree = "<group>";
		};
		7C79F0342C32F90700DEAE3C /* Network */ = {
			isa = PBXGroup;
			children = (
				7C79F0372C32F92600DEAE3C /* DTOs */,
			);
			path = Network;
			sourceTree = "<group>";
		};
		7C79F0372C32F92600DEAE3C /* DTOs */ = {
			isa = PBXGroup;
			children = (
				7C9E11352C34ED2800C89E92 /* Weather */,
				7C9E11362C34ED3200C89E92 /* Search */,
			);
			path = DTOs;
			sourceTree = "<group>";
		};
		7C79F0422C33BCA000DEAE3C /* DesignSystem */ = {
			isa = PBXGroup;
			children = (
				7C79F0432C33BCAF00DEAE3C /* Foundation */,
			);
			path = DesignSystem;
			sourceTree = "<group>";
		};
		7C79F0432C33BCAF00DEAE3C /* Foundation */ = {
			isa = PBXGroup;
			children = (
				7C79F0442C33BCB900DEAE3C /* WCColor.swift */,
			);
			path = Foundation;
			sourceTree = "<group>";
		};
		7C79F0462C33C18B00DEAE3C /* Entities */ = {
			isa = PBXGroup;
			children = (
				7C79F0472C33C1E600DEAE3C /* WeatherData.swift */,
			);
			name = Entities;
			sourceTree = "<group>";
		};
		7C79F0492C33C37D00DEAE3C /* Repositories */ = {
			isa = PBXGroup;
			children = (
				7C79F04B2C33C40900DEAE3C /* MockWeatherRepository.swift */,
			);
			path = Repositories;
			sourceTree = "<group>";
		};
		7C79F04D2C33C41300DEAE3C /* RepositoryInterfaces */ = {
			isa = PBXGroup;
			children = (
				7C79F04F2C33C45100DEAE3C /* WeatherRepository.swift */,
			);
			name = RepositoryInterfaces;
			sourceTree = "<group>";
		};
		7C79F0512C33C61000DEAE3C /* UseCases */ = {
			isa = PBXGroup;
			children = (
				7C79F0522C33C62800DEAE3C /* FetchWeatherUseCase.swift */,
			);
			name = UseCases;
			sourceTree = "<group>";
		};
		7C79F0562C33C8D500DEAE3C /* RxExtensions */ = {
			isa = PBXGroup;
			children = (
				7C79F0572C33C8EB00DEAE3C /* ObservableType.swift */,
			);
			path = RxExtensions;
			sourceTree = "<group>";
		};
		7C79F05B2C33DC7300DEAE3C /* Current */ = {
			isa = PBXGroup;
			children = (
				7C79F0302C32CD9600DEAE3C /* CurrentWeatherView.swift */,
			);
			path = Current;
			sourceTree = "<group>";
		};
		7C79F05C2C33DC7C00DEAE3C /* Hourly */ = {
			isa = PBXGroup;
			children = (
				7C79F03E2C33A13F00DEAE3C /* HourlyWeatherView.swift */,
				7C79F0402C33A3CA00DEAE3C /* HourlyWeatherCell.swift */,
			);
			path = Hourly;
			sourceTree = "<group>";
		};
		7C79F05D2C33DC8B00DEAE3C /* Daily */ = {
			isa = PBXGroup;
			children = (
				7C79F0592C33D87800DEAE3C /* DailyWeatherView.swift */,
				7C79F05E2C33DCA200DEAE3C /* DailyWeatherCell.swift */,
			);
			path = Daily;
			sourceTree = "<group>";
		};
		7C79F0662C33F09A00DEAE3C /* Location */ = {
			isa = PBXGroup;
			children = (
				7C79F0672C33F0AC00DEAE3C /* CityLocationView.swift */,
			);
			path = Location;
			sourceTree = "<group>";
		};
		7C79F0692C34121F00DEAE3C /* Detail */ = {
			isa = PBXGroup;
			children = (
				7C79F06A2C34123200DEAE3C /* WeatherDetailsView.swift */,
				7C79F06C2C3417FA00DEAE3C /* WeatherDetailContainer.swift */,
			);
			path = Detail;
			sourceTree = "<group>";
		};
		7C9E112B2C344F3C00C89E92 /* SearchPopUp */ = {
			isa = PBXGroup;
			children = (
				7C9E112C2C344F7B00C89E92 /* CitySearchPopUpView.swift */,
			);
			path = SearchPopUp;
			sourceTree = "<group>";
		};
		7C9E112E2C34E8C600C89E92 /* Search */ = {
			isa = PBXGroup;
			children = (
				7C9E112F2C34E8E800C89E92 /* SearchViewController.swift */,
			);
			path = Search;
			sourceTree = "<group>";
		};
		7C9E11352C34ED2800C89E92 /* Weather */ = {
			isa = PBXGroup;
			children = (
				7C79F0382C32FAB000DEAE3C /* WeatherRequestDTO.swift */,
				7C79F03C2C3306C900DEAE3C /* WeatherResponseDTO.swift */,
			);
			path = Weather;
			sourceTree = "<group>";
		};
		7C9E11362C34ED3200C89E92 /* Search */ = {
			isa = PBXGroup;
			children = (
				7C9E11372C34ED4F00C89E92 /* CitySearchResponseDTO.swift */,
			);
			path = Search;
			sourceTree = "<group>";
		};
/* End PBXGroup section */

/* Begin PBXNativeTarget section */
		7C08518E2C32949600545907 /* WeatherCheck */ = {
			isa = PBXNativeTarget;
			buildConfigurationList = 7C0851A32C32949800545907 /* Build configuration list for PBXNativeTarget "WeatherCheck" */;
			buildPhases = (
				7C08518B2C32949600545907 /* Sources */,
				7C08518C2C32949600545907 /* Frameworks */,
				7C08518D2C32949600545907 /* Resources */,
			);
			buildRules = (
			);
			dependencies = (
			);
			name = WeatherCheck;
			packageProductDependencies = (
				7C79EFDB2C32B9E700DEAE3C /* SnapKit */,
				7C79EFDF2C32BA3400DEAE3C /* Alamofire */,
				7C79EFE42C32BB9700DEAE3C /* RxBlocking */,
				7C79EFE82C32BB9700DEAE3C /* RxCocoa */,
				7C79EFEC2C32BB9700DEAE3C /* RxRelay */,
				7C79EFF02C32BB9700DEAE3C /* RxSwift */,
			);
			productName = WeatherCheck;
			productReference = 7C08518F2C32949600545907 /* WeatherCheck.app */;
			productType = "com.apple.product-type.application";
		};
/* End PBXNativeTarget section */

/* Begin PBXProject section */
		7C0851872C32949600545907 /* Project object */ = {
			isa = PBXProject;
			attributes = {
				BuildIndependentTargetsInParallel = 1;
				LastSwiftUpdateCheck = 1520;
				LastUpgradeCheck = 1520;
				TargetAttributes = {
					7C08518E2C32949600545907 = {
						CreatedOnToolsVersion = 15.2;
					};
				};
			};
			buildConfigurationList = 7C08518A2C32949600545907 /* Build configuration list for PBXProject "WeatherCheck" */;
			compatibilityVersion = "Xcode 14.0";
			developmentRegion = en;
			hasScannedForEncodings = 0;
			knownRegions = (
				en,
				Base,
			);
			mainGroup = 7C0851862C32949600545907;
			packageReferences = (
				7C79EFDA2C32B9E700DEAE3C /* XCRemoteSwiftPackageReference "SnapKit" */,
				7C79EFDE2C32BA3400DEAE3C /* XCRemoteSwiftPackageReference "Alamofire" */,
				7C79EFE32C32BB9700DEAE3C /* XCRemoteSwiftPackageReference "RxSwift" */,
			);
			productRefGroup = 7C0851902C32949600545907 /* Products */;
			projectDirPath = "";
			projectRoot = "";
			targets = (
				7C08518E2C32949600545907 /* WeatherCheck */,
			);
		};
/* End PBXProject section */

/* Begin PBXResourcesBuildPhase section */
		7C08518D2C32949600545907 /* Resources */ = {
			isa = PBXResourcesBuildPhase;
			buildActionMask = 2147483647;
			files = (
				7C08519F2C32949800545907 /* LaunchScreen.storyboard in Resources */,
				7C08519C2C32949800545907 /* Assets.xcassets in Resources */,
				7C9E11342C34EC1700C89E92 /* citylist.json in Resources */,
			);
			runOnlyForDeploymentPostprocessing = 0;
		};
/* End PBXResourcesBuildPhase section */

/* Begin PBXSourcesBuildPhase section */
		7C08518B2C32949600545907 /* Sources */ = {
			isa = PBXSourcesBuildPhase;
			buildActionMask = 2147483647;
			files = (
				7C9E11282C344B7100C89E92 /* BasePopUpView.swift in Sources */,
				7C0851CE2C329E4300545907 /* BaseViewController.swift in Sources */,
				7C0851932C32949600545907 /* AppDelegate.swift in Sources */,
				7C79F0502C33C45100DEAE3C /* WeatherRepository.swift in Sources */,
				7C9E11302C34E8E800C89E92 /* SearchViewController.swift in Sources */,
				7C79F0632C33E14600DEAE3C /* UITableView+.swift in Sources */,
				7C79F03F2C33A13F00DEAE3C /* HourlyWeatherView.swift in Sources */,
				7C0851952C32949600545907 /* SceneDelegate.swift in Sources */,
				7C79F0392C32FAB000DEAE3C /* WeatherRequestDTO.swift in Sources */,
				7C79F0582C33C8EB00DEAE3C /* ObservableType.swift in Sources */,
				7C79F05A2C33D87800DEAE3C /* DailyWeatherView.swift in Sources */,
				7C79F0532C33C62800DEAE3C /* FetchWeatherUseCase.swift in Sources */,
				7C79F0412C33A3CA00DEAE3C /* HourlyWeatherCell.swift in Sources */,
				7C0851D72C32A01A00545907 /* Reusable.swift in Sources */,
				7C0851CC2C329E2000545907 /* BaseView.swift in Sources */,
				7C9E112D2C344F7B00C89E92 /* CitySearchPopUpView.swift in Sources */,
				7C79F0682C33F0AC00DEAE3C /* CityLocationView.swift in Sources */,
				7C79F06B2C34123200DEAE3C /* WeatherDetailsView.swift in Sources */,
				7C79F0452C33BCB900DEAE3C /* WCColor.swift in Sources */,
				7C0851D42C329FE200545907 /* UICollectionView+.swift in Sources */,
				7C0851D12C329EE400545907 /* BaseCollectionViewCell.swift in Sources */,
				7C79F03D2C3306C900DEAE3C /* WeatherResponseDTO.swift in Sources */,
				7C79F0652C33E74D00DEAE3C /* UILabel+.swift in Sources */,
				7C79F04C2C33C40900DEAE3C /* MockWeatherRepository.swift in Sources */,
				7C9E11262C34489800C89E92 /* UIImage+.swift in Sources */,
				7C9E11382C34ED4F00C89E92 /* CitySearchResponseDTO.swift in Sources */,
				7C79F0332C32CDF100DEAE3C /* BaseCollectionReusableView.swift in Sources */,
				7C79F06D2C3417FA00DEAE3C /* WeatherDetailContainer.swift in Sources */,
				7C79F05F2C33DCA200DEAE3C /* DailyWeatherCell.swift in Sources */,
				7C0851D92C32A1C500545907 /* ViewModelType.swift in Sources */,
				7C9E112A2C344BAE00C89E92 /* UIWindow+.swift in Sources */,
				7C79F0712C341AAB00DEAE3C /* BaseStackView.swift in Sources */,
				7C79F0312C32CD9600DEAE3C /* CurrentWeatherView.swift in Sources */,
				7C79F0482C33C1E600DEAE3C /* WeatherData.swift in Sources */,
				7C9E11222C3445FE00C89E92 /* SearchButton.swift in Sources */,
				7C0851DB2C32A7AD00545907 /* MainViewController.swift in Sources */,
				7C79F0612C33E0F500DEAE3C /* BaseTableViewCell.swift in Sources */,
				7C9E11242C34462100C89E92 /* BaseButton.swift in Sources */,
				7C79F0552C33C6C600DEAE3C /* MainViewModel.swift in Sources */,
			);
			runOnlyForDeploymentPostprocessing = 0;
		};
/* End PBXSourcesBuildPhase section */

/* Begin PBXVariantGroup section */
		7C08519D2C32949800545907 /* LaunchScreen.storyboard */ = {
			isa = PBXVariantGroup;
			children = (
				7C08519E2C32949800545907 /* Base */,
			);
			name = LaunchScreen.storyboard;
			sourceTree = "<group>";
		};
/* End PBXVariantGroup section */

/* Begin XCBuildConfiguration section */
		7C0851A12C32949800545907 /* Debug */ = {
			isa = XCBuildConfiguration;
			buildSettings = {
				ALWAYS_SEARCH_USER_PATHS = NO;
				ASSETCATALOG_COMPILER_GENERATE_SWIFT_ASSET_SYMBOL_EXTENSIONS = YES;
				CLANG_ANALYZER_NONNULL = YES;
				CLANG_ANALYZER_NUMBER_OBJECT_CONVERSION = YES_AGGRESSIVE;
				CLANG_CXX_LANGUAGE_STANDARD = "gnu++20";
				CLANG_ENABLE_MODULES = YES;
				CLANG_ENABLE_OBJC_ARC = YES;
				CLANG_ENABLE_OBJC_WEAK = YES;
				CLANG_WARN_BLOCK_CAPTURE_AUTORELEASING = YES;
				CLANG_WARN_BOOL_CONVERSION = YES;
				CLANG_WARN_COMMA = YES;
				CLANG_WARN_CONSTANT_CONVERSION = YES;
				CLANG_WARN_DEPRECATED_OBJC_IMPLEMENTATIONS = YES;
				CLANG_WARN_DIRECT_OBJC_ISA_USAGE = YES_ERROR;
				CLANG_WARN_DOCUMENTATION_COMMENTS = YES;
				CLANG_WARN_EMPTY_BODY = YES;
				CLANG_WARN_ENUM_CONVERSION = YES;
				CLANG_WARN_INFINITE_RECURSION = YES;
				CLANG_WARN_INT_CONVERSION = YES;
				CLANG_WARN_NON_LITERAL_NULL_CONVERSION = YES;
				CLANG_WARN_OBJC_IMPLICIT_RETAIN_SELF = YES;
				CLANG_WARN_OBJC_LITERAL_CONVERSION = YES;
				CLANG_WARN_OBJC_ROOT_CLASS = YES_ERROR;
				CLANG_WARN_QUOTED_INCLUDE_IN_FRAMEWORK_HEADER = YES;
				CLANG_WARN_RANGE_LOOP_ANALYSIS = YES;
				CLANG_WARN_STRICT_PROTOTYPES = YES;
				CLANG_WARN_SUSPICIOUS_MOVE = YES;
				CLANG_WARN_UNGUARDED_AVAILABILITY = YES_AGGRESSIVE;
				CLANG_WARN_UNREACHABLE_CODE = YES;
				CLANG_WARN__DUPLICATE_METHOD_MATCH = YES;
				COPY_PHASE_STRIP = NO;
				DEBUG_INFORMATION_FORMAT = dwarf;
				ENABLE_STRICT_OBJC_MSGSEND = YES;
				ENABLE_TESTABILITY = YES;
				ENABLE_USER_SCRIPT_SANDBOXING = YES;
				GCC_C_LANGUAGE_STANDARD = gnu17;
				GCC_DYNAMIC_NO_PIC = NO;
				GCC_NO_COMMON_BLOCKS = YES;
				GCC_OPTIMIZATION_LEVEL = 0;
				GCC_PREPROCESSOR_DEFINITIONS = (
					"DEBUG=1",
					"$(inherited)",
				);
				GCC_WARN_64_TO_32_BIT_CONVERSION = YES;
				GCC_WARN_ABOUT_RETURN_TYPE = YES_ERROR;
				GCC_WARN_UNDECLARED_SELECTOR = YES;
				GCC_WARN_UNINITIALIZED_AUTOS = YES_AGGRESSIVE;
				GCC_WARN_UNUSED_FUNCTION = YES;
				GCC_WARN_UNUSED_VARIABLE = YES;
				IPHONEOS_DEPLOYMENT_TARGET = 17.2;
				LOCALIZATION_PREFERS_STRING_CATALOGS = YES;
				MTL_ENABLE_DEBUG_INFO = INCLUDE_SOURCE;
				MTL_FAST_MATH = YES;
				ONLY_ACTIVE_ARCH = YES;
				SDKROOT = iphoneos;
				SWIFT_ACTIVE_COMPILATION_CONDITIONS = "DEBUG $(inherited)";
				SWIFT_OPTIMIZATION_LEVEL = "-Onone";
			};
			name = Debug;
		};
		7C0851A22C32949800545907 /* Release */ = {
			isa = XCBuildConfiguration;
			buildSettings = {
				ALWAYS_SEARCH_USER_PATHS = NO;
				ASSETCATALOG_COMPILER_GENERATE_SWIFT_ASSET_SYMBOL_EXTENSIONS = YES;
				CLANG_ANALYZER_NONNULL = YES;
				CLANG_ANALYZER_NUMBER_OBJECT_CONVERSION = YES_AGGRESSIVE;
				CLANG_CXX_LANGUAGE_STANDARD = "gnu++20";
				CLANG_ENABLE_MODULES = YES;
				CLANG_ENABLE_OBJC_ARC = YES;
				CLANG_ENABLE_OBJC_WEAK = YES;
				CLANG_WARN_BLOCK_CAPTURE_AUTORELEASING = YES;
				CLANG_WARN_BOOL_CONVERSION = YES;
				CLANG_WARN_COMMA = YES;
				CLANG_WARN_CONSTANT_CONVERSION = YES;
				CLANG_WARN_DEPRECATED_OBJC_IMPLEMENTATIONS = YES;
				CLANG_WARN_DIRECT_OBJC_ISA_USAGE = YES_ERROR;
				CLANG_WARN_DOCUMENTATION_COMMENTS = YES;
				CLANG_WARN_EMPTY_BODY = YES;
				CLANG_WARN_ENUM_CONVERSION = YES;
				CLANG_WARN_INFINITE_RECURSION = YES;
				CLANG_WARN_INT_CONVERSION = YES;
				CLANG_WARN_NON_LITERAL_NULL_CONVERSION = YES;
				CLANG_WARN_OBJC_IMPLICIT_RETAIN_SELF = YES;
				CLANG_WARN_OBJC_LITERAL_CONVERSION = YES;
				CLANG_WARN_OBJC_ROOT_CLASS = YES_ERROR;
				CLANG_WARN_QUOTED_INCLUDE_IN_FRAMEWORK_HEADER = YES;
				CLANG_WARN_RANGE_LOOP_ANALYSIS = YES;
				CLANG_WARN_STRICT_PROTOTYPES = YES;
				CLANG_WARN_SUSPICIOUS_MOVE = YES;
				CLANG_WARN_UNGUARDED_AVAILABILITY = YES_AGGRESSIVE;
				CLANG_WARN_UNREACHABLE_CODE = YES;
				CLANG_WARN__DUPLICATE_METHOD_MATCH = YES;
				COPY_PHASE_STRIP = NO;
				DEBUG_INFORMATION_FORMAT = "dwarf-with-dsym";
				ENABLE_NS_ASSERTIONS = NO;
				ENABLE_STRICT_OBJC_MSGSEND = YES;
				ENABLE_USER_SCRIPT_SANDBOXING = YES;
				GCC_C_LANGUAGE_STANDARD = gnu17;
				GCC_NO_COMMON_BLOCKS = YES;
				GCC_WARN_64_TO_32_BIT_CONVERSION = YES;
				GCC_WARN_ABOUT_RETURN_TYPE = YES_ERROR;
				GCC_WARN_UNDECLARED_SELECTOR = YES;
				GCC_WARN_UNINITIALIZED_AUTOS = YES_AGGRESSIVE;
				GCC_WARN_UNUSED_FUNCTION = YES;
				GCC_WARN_UNUSED_VARIABLE = YES;
				IPHONEOS_DEPLOYMENT_TARGET = 17.2;
				LOCALIZATION_PREFERS_STRING_CATALOGS = YES;
				MTL_ENABLE_DEBUG_INFO = NO;
				MTL_FAST_MATH = YES;
				SDKROOT = iphoneos;
				SWIFT_COMPILATION_MODE = wholemodule;
				VALIDATE_PRODUCT = YES;
			};
			name = Release;
		};
		7C0851A42C32949800545907 /* Debug */ = {
			isa = XCBuildConfiguration;
			buildSettings = {
				ASSETCATALOG_COMPILER_APPICON_NAME = AppIcon;
				ASSETCATALOG_COMPILER_GLOBAL_ACCENT_COLOR_NAME = AccentColor;
				CODE_SIGN_STYLE = Automatic;
				CURRENT_PROJECT_VERSION = 1;
				DEVELOPMENT_TEAM = MNAZDR4A9U;
				GENERATE_INFOPLIST_FILE = YES;
				INFOPLIST_FILE = WeatherCheck/Resources/Info.plist;
				INFOPLIST_KEY_CFBundleDisplayName = WeatherCheck;
				INFOPLIST_KEY_UIApplicationSupportsIndirectInputEvents = YES;
				INFOPLIST_KEY_UILaunchStoryboardName = LaunchScreen;
				INFOPLIST_KEY_UISupportedInterfaceOrientations_iPad = "UIInterfaceOrientationPortrait UIInterfaceOrientationPortraitUpsideDown UIInterfaceOrientationLandscapeLeft UIInterfaceOrientationLandscapeRight";
				INFOPLIST_KEY_UISupportedInterfaceOrientations_iPhone = "UIInterfaceOrientationPortrait UIInterfaceOrientationLandscapeLeft UIInterfaceOrientationLandscapeRight";
				IPHONEOS_DEPLOYMENT_TARGET = 15.0;
				LD_RUNPATH_SEARCH_PATHS = (
					"$(inherited)",
					"@executable_path/Frameworks",
				);
				MARKETING_VERSION = 1.0;
				PRODUCT_BUNDLE_IDENTIFIER = co.appbrewery.WeatherCheck;
				PRODUCT_NAME = "$(TARGET_NAME)";
				SWIFT_EMIT_LOC_STRINGS = YES;
				SWIFT_VERSION = 5.0;
				TARGETED_DEVICE_FAMILY = "1,2";
			};
			name = Debug;
		};
		7C0851A52C32949800545907 /* Release */ = {
			isa = XCBuildConfiguration;
			buildSettings = {
				ASSETCATALOG_COMPILER_APPICON_NAME = AppIcon;
				ASSETCATALOG_COMPILER_GLOBAL_ACCENT_COLOR_NAME = AccentColor;
				CODE_SIGN_STYLE = Automatic;
				CURRENT_PROJECT_VERSION = 1;
				DEVELOPMENT_TEAM = MNAZDR4A9U;
				GENERATE_INFOPLIST_FILE = YES;
				INFOPLIST_FILE = WeatherCheck/Resources/Info.plist;
				INFOPLIST_KEY_CFBundleDisplayName = WeatherCheck;
				INFOPLIST_KEY_UIApplicationSupportsIndirectInputEvents = YES;
				INFOPLIST_KEY_UILaunchStoryboardName = LaunchScreen;
				INFOPLIST_KEY_UISupportedInterfaceOrientations_iPad = "UIInterfaceOrientationPortrait UIInterfaceOrientationPortraitUpsideDown UIInterfaceOrientationLandscapeLeft UIInterfaceOrientationLandscapeRight";
				INFOPLIST_KEY_UISupportedInterfaceOrientations_iPhone = "UIInterfaceOrientationPortrait UIInterfaceOrientationLandscapeLeft UIInterfaceOrientationLandscapeRight";
				IPHONEOS_DEPLOYMENT_TARGET = 15.0;
				LD_RUNPATH_SEARCH_PATHS = (
					"$(inherited)",
					"@executable_path/Frameworks",
				);
				MARKETING_VERSION = 1.0;
				PRODUCT_BUNDLE_IDENTIFIER = co.appbrewery.WeatherCheck;
				PRODUCT_NAME = "$(TARGET_NAME)";
				SWIFT_EMIT_LOC_STRINGS = YES;
				SWIFT_VERSION = 5.0;
				TARGETED_DEVICE_FAMILY = "1,2";
			};
			name = Release;
		};
/* End XCBuildConfiguration section */

/* Begin XCConfigurationList section */
		7C08518A2C32949600545907 /* Build configuration list for PBXProject "WeatherCheck" */ = {
			isa = XCConfigurationList;
			buildConfigurations = (
				7C0851A12C32949800545907 /* Debug */,
				7C0851A22C32949800545907 /* Release */,
			);
			defaultConfigurationIsVisible = 0;
			defaultConfigurationName = Release;
		};
		7C0851A32C32949800545907 /* Build configuration list for PBXNativeTarget "WeatherCheck" */ = {
			isa = XCConfigurationList;
			buildConfigurations = (
				7C0851A42C32949800545907 /* Debug */,
				7C0851A52C32949800545907 /* Release */,
			);
			defaultConfigurationIsVisible = 0;
			defaultConfigurationName = Release;
		};
/* End XCConfigurationList section */

/* Begin XCRemoteSwiftPackageReference section */
		7C79EFDA2C32B9E700DEAE3C /* XCRemoteSwiftPackageReference "SnapKit" */ = {
			isa = XCRemoteSwiftPackageReference;
			repositoryURL = "https://github.com/SnapKit/SnapKit.git";
			requirement = {
				kind = upToNextMajorVersion;
				minimumVersion = 5.7.1;
			};
		};
		7C79EFDE2C32BA3400DEAE3C /* XCRemoteSwiftPackageReference "Alamofire" */ = {
			isa = XCRemoteSwiftPackageReference;
			repositoryURL = "https://github.com/Alamofire/Alamofire.git";
			requirement = {
				kind = upToNextMajorVersion;
				minimumVersion = 5.9.1;
			};
		};
		7C79EFE32C32BB9700DEAE3C /* XCRemoteSwiftPackageReference "RxSwift" */ = {
			isa = XCRemoteSwiftPackageReference;
			repositoryURL = "https://github.com/ReactiveX/RxSwift";
			requirement = {
				kind = upToNextMajorVersion;
				minimumVersion = 6.7.1;
			};
		};
/* End XCRemoteSwiftPackageReference section */

/* Begin XCSwiftPackageProductDependency section */
		7C79EFDB2C32B9E700DEAE3C /* SnapKit */ = {
			isa = XCSwiftPackageProductDependency;
			package = 7C79EFDA2C32B9E700DEAE3C /* XCRemoteSwiftPackageReference "SnapKit" */;
			productName = SnapKit;
		};
		7C79EFDF2C32BA3400DEAE3C /* Alamofire */ = {
			isa = XCSwiftPackageProductDependency;
			package = 7C79EFDE2C32BA3400DEAE3C /* XCRemoteSwiftPackageReference "Alamofire" */;
			productName = Alamofire;
		};
		7C79EFE42C32BB9700DEAE3C /* RxBlocking */ = {
			isa = XCSwiftPackageProductDependency;
			package = 7C79EFE32C32BB9700DEAE3C /* XCRemoteSwiftPackageReference "RxSwift" */;
			productName = RxBlocking;
		};
		7C79EFE82C32BB9700DEAE3C /* RxCocoa */ = {
			isa = XCSwiftPackageProductDependency;
			package = 7C79EFE32C32BB9700DEAE3C /* XCRemoteSwiftPackageReference "RxSwift" */;
			productName = RxCocoa;
		};
		7C79EFEC2C32BB9700DEAE3C /* RxRelay */ = {
			isa = XCSwiftPackageProductDependency;
			package = 7C79EFE32C32BB9700DEAE3C /* XCRemoteSwiftPackageReference "RxSwift" */;
			productName = RxRelay;
		};
		7C79EFF02C32BB9700DEAE3C /* RxSwift */ = {
			isa = XCSwiftPackageProductDependency;
			package = 7C79EFE32C32BB9700DEAE3C /* XCRemoteSwiftPackageReference "RxSwift" */;
			productName = RxSwift;
		};
/* End XCSwiftPackageProductDependency section */
	};
	rootObject = 7C0851872C32949600545907 /* Project object */;
}
